
Microsoft Visual Studio Solution File, Format Version 12.00
# Visual Studio 2012
Project("{2150E333-8FDC-42A3-9474-1A3956D46DE8}") = "0. Docs", "0. Docs", "{511E80A2-4DC2-4B07-BE3F-13C288AFA71B}"
	ProjectSection(SolutionItems) = preProject
		README.md = README.md
	EndProjectSection
EndProject
Project("{2150E333-8FDC-42A3-9474-1A3956D46DE8}") = "src", "src", "{5308AC9E-E9CB-4965-A414-07635750E154}"
EndProject
Project("{2150E333-8FDC-42A3-9474-1A3956D46DE8}") = "test", "test", "{38F05A77-8951-4193-9C6B-8B501EEA3428}"
EndProject
Project("{FAE04EC0-301F-11D3-BF4B-00C04F79EFBC}") = "SampleArchitecture.Core", "src\SampleArchitecture.Core\SampleArchitecture.Core.csproj", "{CF4AF75E-05F8-4029-ABC2-B4FA0316D993}"
EndProject
Project("{FAE04EC0-301F-11D3-BF4B-00C04F79EFBC}") = "SampleArchitecture.Data", "src\SampleArchitecture.Data\SampleArchitecture.Data.csproj", "{6A80EB93-67A7-4E4F-8EC0-40956732F585}"
EndProject
Project("{FAE04EC0-301F-11D3-BF4B-00C04F79EFBC}") = "SampleArchitecture.Application", "src\SampleArchitecture.Application\SampleArchitecture.Application.csproj", "{6B7B4DD4-D875-4A8D-A65B-214BB6CA67A7}"
EndProject
Project("{FAE04EC0-301F-11D3-BF4B-00C04F79EFBC}") = "SampleArchitecture.Infrastructure", "src\SampleArchitecture.Infrastructure\SampleArchitecture.Infrastructure.csproj", "{23971BE4-BD7E-47F9-8CCA-1E08B9611B24}"
EndProject
Project("{FAE04EC0-301F-11D3-BF4B-00C04F79EFBC}") = "SampleArchitecture.WebApi", "src\SampleArchitecture.WebApi\SampleArchitecture.WebApi.csproj", "{0423627F-1E67-4919-B262-678F2587565A}"
EndProject
Project("{FAE04EC0-301F-11D3-BF4B-00C04F79EFBC}") = "SampleArchitecture.Core.Tests", "test\SampleArchitecture.Core.Tests\SampleArchitecture.Core.Tests.csproj", "{7B4F99B5-DDD1-4E4D-99BD-90A66C17AFD0}"
EndProject
Global
	GlobalSection(SolutionConfigurationPlatforms) = preSolution
		Debug|Any CPU = Debug|Any CPU
		Release|Any CPU = Release|Any CPU
	EndGlobalSection
	GlobalSection(ProjectConfigurationPlatforms) = postSolution
		{CF4AF75E-05F8-4029-ABC2-B4FA0316D993}.Debug|Any CPU.ActiveCfg = Debug|Any CPU
		{CF4AF75E-05F8-4029-ABC2-B4FA0316D993}.Debug|Any CPU.Build.0 = Debug|Any CPU
		{CF4AF75E-05F8-4029-ABC2-B4FA0316D993}.Release|Any CPU.ActiveCfg = Release|Any CPU
		{CF4AF75E-05F8-4029-ABC2-B4FA0316D993}.Release|Any CPU.Build.0 = Release|Any CPU
		{6A80EB93-67A7-4E4F-8EC0-40956732F585}.Debug|Any CPU.ActiveCfg = Debug|Any CPU
		{6A80EB93-67A7-4E4F-8EC0-40956732F585}.Debug|Any CPU.Build.0 = Debug|Any CPU
		{6A80EB93-67A7-4E4F-8EC0-40956732F585}.Release|Any CPU.ActiveCfg = Release|Any CPU
		{6A80EB93-67A7-4E4F-8EC0-40956732F585}.Release|Any CPU.Build.0 = Release|Any CPU
		{6B7B4DD4-D875-4A8D-A65B-214BB6CA67A7}.Debug|Any CPU.ActiveCfg = Debug|Any CPU
		{6B7B4DD4-D875-4A8D-A65B-214BB6CA67A7}.Debug|Any CPU.Build.0 = Debug|Any CPU
		{6B7B4DD4-D875-4A8D-A65B-214BB6CA67A7}.Release|Any CPU.ActiveCfg = Release|Any CPU
		{6B7B4DD4-D875-4A8D-A65B-214BB6CA67A7}.Release|Any CPU.Build.0 = Release|Any CPU
		{23971BE4-BD7E-47F9-8CCA-1E08B9611B24}.Debug|Any CPU.ActiveCfg = Debug|Any CPU
		{23971BE4-BD7E-47F9-8CCA-1E08B9611B24}.Debug|Any CPU.Build.0 = Debug|Any CPU
		{23971BE4-BD7E-47F9-8CCA-1E08B9611B24}.Release|Any CPU.ActiveCfg = Release|Any CPU
		{23971BE4-BD7E-47F9-8CCA-1E08B9611B24}.Release|Any CPU.Build.0 = Release|Any CPU
		{0423627F-1E67-4919-B262-678F2587565A}.Debug|Any CPU.ActiveCfg = Debug|Any CPU
		{0423627F-1E67-4919-B262-678F2587565A}.Debug|Any CPU.Build.0 = Debug|Any CPU
		{0423627F-1E67-4919-B262-678F2587565A}.Release|Any CPU.ActiveCfg = Release|Any CPU
		{0423627F-1E67-4919-B262-678F2587565A}.Release|Any CPU.Build.0 = Release|Any CPU
		{7B4F99B5-DDD1-4E4D-99BD-90A66C17AFD0}.Debug|Any CPU.ActiveCfg = Debug|Any CPU
		{7B4F99B5-DDD1-4E4D-99BD-90A66C17AFD0}.Debug|Any CPU.Build.0 = Debug|Any CPU
		{7B4F99B5-DDD1-4E4D-99BD-90A66C17AFD0}.Release|Any CPU.ActiveCfg = Release|Any CPU
		{7B4F99B5-DDD1-4E4D-99BD-90A66C17AFD0}.Release|Any CPU.Build.0 = Release|Any CPU
	EndGlobalSection
	GlobalSection(SolutionProperties) = preSolution
		HideSolutionNode = FALSE
	EndGlobalSection
	GlobalSection(NestedProjects) = preSolution
		{CF4AF75E-05F8-4029-ABC2-B4FA0316D993} = {5308AC9E-E9CB-4965-A414-07635750E154}
		{6A80EB93-67A7-4E4F-8EC0-40956732F585} = {5308AC9E-E9CB-4965-A414-07635750E154}
		{6B7B4DD4-D875-4A8D-A65B-214BB6CA67A7} = {5308AC9E-E9CB-4965-A414-07635750E154}
		{23971BE4-BD7E-47F9-8CCA-1E08B9611B24} = {5308AC9E-E9CB-4965-A414-07635750E154}
		{0423627F-1E67-4919-B262-678F2587565A} = {5308AC9E-E9CB-4965-A414-07635750E154}
		{7B4F99B5-DDD1-4E4D-99BD-90A66C17AFD0} = {38F05A77-8951-4193-9C6B-8B501EEA3428}
	EndGlobalSection
EndGlobal
