
Microsoft Visual Studio Solution File, Format Version 12.00
# Visual Studio 2013
VisualStudioVersion = 12.0.31101.0
MinimumVisualStudioVersion = 10.0.40219.1
Project("{FAE04EC0-301F-11D3-BF4B-00C04F79EFBC}") = "SampleArchiteture.Dominio", "SampleArchiteture.Dominio\SampleArchiteture.Dominio.csproj", "{DAB44369-ED87-4BDE-A57F-4C0790147F79}"
EndProject
Project("{FAE04EC0-301F-11D3-BF4B-00C04F79EFBC}") = "SampleArchiteture.Infraestrutura", "SampleArchiteture.Infraestrutura\SampleArchiteture.Infraestrutura.csproj", "{6763CA8E-C9C9-4170-BE00-B97943AA531F}"
EndProject
Project("{FAE04EC0-301F-11D3-BF4B-00C04F79EFBC}") = "SampleArchiteture.Infraestrutura.EntityFramework", "SampleArchiteture.Infraestrutura.EntityFramework\SampleArchiteture.Infraestrutura.EntityFramework.csproj", "{6B5CC9A4-3C2C-4831-A861-88C2F495BB15}"
EndProject
Project("{FAE04EC0-301F-11D3-BF4B-00C04F79EFBC}") = "SampleArchiteture.Infraestrutura.Tests", "SampleArchiteture.Infraestrutura.Tests\SampleArchiteture.Infraestrutura.Tests.csproj", "{5BC4AE56-E038-4320-9832-15BE42A3B90D}"
EndProject
Project("{FAE04EC0-301F-11D3-BF4B-00C04F79EFBC}") = "SampleArchiteture.ConsoleApplication", "SampleArchiteture.ConsoleApplication\SampleArchiteture.ConsoleApplication.csproj", "{12319C99-81D2-45EC-BF9D-061FFC9767F5}"
EndProject
Project("{2150E333-8FDC-42A3-9474-1A3956D46DE8}") = "1. Dominio", "1. Dominio", "{B10DE7CB-473E-4B4F-8C23-B8108650C6D9}"
EndProject
Project("{2150E333-8FDC-42A3-9474-1A3956D46DE8}") = "2. Infraestrutura", "2. Infraestrutura", "{E594FB98-DA75-4279-95CA-49CAC60CBA1C}"
EndProject
Project("{2150E333-8FDC-42A3-9474-1A3956D46DE8}") = "3. Tests", "3. Tests", "{33DB9A9F-CC26-433D-8AAB-E2FB7F00396D}"
EndProject
Project("{2150E333-8FDC-42A3-9474-1A3956D46DE8}") = "4. Apresentacao", "4. Apresentacao", "{0EB8FEAF-FAB8-420C-85AC-BE1D7711BC72}"
EndProject
Project("{FAE04EC0-301F-11D3-BF4B-00C04F79EFBC}") = "SampleArchiteture.Infraestrutura.NHibernate", "SampleArchiteture.Infraestrutura.NHibernate\SampleArchiteture.Infraestrutura.NHibernate.csproj", "{9BECFF6D-707C-4205-8BDB-32838D0337EB}"
EndProject
Project("{2150E333-8FDC-42A3-9474-1A3956D46DE8}") = "0. Docs", "0. Docs", "{511E80A2-4DC2-4B07-BE3F-13C288AFA71B}"
	ProjectSection(SolutionItems) = preProject
		README.md = README.md
	EndProjectSection
EndProject
Project("{FAE04EC0-301F-11D3-BF4B-00C04F79EFBC}") = "SampleArchiteture.Dominio.Tests", "SampleArchiteture.Dominio.Tests\SampleArchiteture.Dominio.Tests.csproj", "{B226320B-6D5B-4143-98A3-B90C42A5D0FC}"
EndProject
Project("{2150E333-8FDC-42A3-9474-1A3956D46DE8}") = "PJMT Framework", "PJMT Framework", "{C8EF12F2-84A3-4908-8A47-777E450A4AD6}"
EndProject
Project("{FAE04EC0-301F-11D3-BF4B-00C04F79EFBC}") = "PJMT.Framework.DependencyInjection.Interfaces", "PJMT.Framework.DependencyInjection.Interfaces\PJMT.Framework.DependencyInjection.Interfaces.csproj", "{98691815-B821-4132-A2AF-9E9EE7679454}"
EndProject
Project("{FAE04EC0-301F-11D3-BF4B-00C04F79EFBC}") = "PJMT.Framework.DependencyInjection.Autofac", "PJMT.Framework.DependencyInjection.Autofac\PJMT.Framework.DependencyInjection.Autofac.csproj", "{79110F69-AD2A-49CB-90F9-3E728D401A53}"
EndProject
Global
	GlobalSection(SolutionConfigurationPlatforms) = preSolution
		Debug|Any CPU = Debug|Any CPU
		Release|Any CPU = Release|Any CPU
	EndGlobalSection
	GlobalSection(ProjectConfigurationPlatforms) = postSolution
		{DAB44369-ED87-4BDE-A57F-4C0790147F79}.Debug|Any CPU.ActiveCfg = Debug|Any CPU
		{DAB44369-ED87-4BDE-A57F-4C0790147F79}.Debug|Any CPU.Build.0 = Debug|Any CPU
		{DAB44369-ED87-4BDE-A57F-4C0790147F79}.Release|Any CPU.ActiveCfg = Release|Any CPU
		{DAB44369-ED87-4BDE-A57F-4C0790147F79}.Release|Any CPU.Build.0 = Release|Any CPU
		{6763CA8E-C9C9-4170-BE00-B97943AA531F}.Debug|Any CPU.ActiveCfg = Debug|Any CPU
		{6763CA8E-C9C9-4170-BE00-B97943AA531F}.Debug|Any CPU.Build.0 = Debug|Any CPU
		{6763CA8E-C9C9-4170-BE00-B97943AA531F}.Release|Any CPU.ActiveCfg = Release|Any CPU
		{6763CA8E-C9C9-4170-BE00-B97943AA531F}.Release|Any CPU.Build.0 = Release|Any CPU
		{6B5CC9A4-3C2C-4831-A861-88C2F495BB15}.Debug|Any CPU.ActiveCfg = Debug|Any CPU
		{6B5CC9A4-3C2C-4831-A861-88C2F495BB15}.Debug|Any CPU.Build.0 = Debug|Any CPU
		{6B5CC9A4-3C2C-4831-A861-88C2F495BB15}.Release|Any CPU.ActiveCfg = Release|Any CPU
		{6B5CC9A4-3C2C-4831-A861-88C2F495BB15}.Release|Any CPU.Build.0 = Release|Any CPU
		{5BC4AE56-E038-4320-9832-15BE42A3B90D}.Debug|Any CPU.ActiveCfg = Debug|Any CPU
		{5BC4AE56-E038-4320-9832-15BE42A3B90D}.Debug|Any CPU.Build.0 = Debug|Any CPU
		{5BC4AE56-E038-4320-9832-15BE42A3B90D}.Release|Any CPU.ActiveCfg = Release|Any CPU
		{5BC4AE56-E038-4320-9832-15BE42A3B90D}.Release|Any CPU.Build.0 = Release|Any CPU
		{12319C99-81D2-45EC-BF9D-061FFC9767F5}.Debug|Any CPU.ActiveCfg = Debug|Any CPU
		{12319C99-81D2-45EC-BF9D-061FFC9767F5}.Debug|Any CPU.Build.0 = Debug|Any CPU
		{12319C99-81D2-45EC-BF9D-061FFC9767F5}.Release|Any CPU.ActiveCfg = Release|Any CPU
		{12319C99-81D2-45EC-BF9D-061FFC9767F5}.Release|Any CPU.Build.0 = Release|Any CPU
		{9BECFF6D-707C-4205-8BDB-32838D0337EB}.Debug|Any CPU.ActiveCfg = Debug|Any CPU
		{9BECFF6D-707C-4205-8BDB-32838D0337EB}.Debug|Any CPU.Build.0 = Debug|Any CPU
		{9BECFF6D-707C-4205-8BDB-32838D0337EB}.Release|Any CPU.ActiveCfg = Release|Any CPU
		{9BECFF6D-707C-4205-8BDB-32838D0337EB}.Release|Any CPU.Build.0 = Release|Any CPU
		{B226320B-6D5B-4143-98A3-B90C42A5D0FC}.Debug|Any CPU.ActiveCfg = Debug|Any CPU
		{B226320B-6D5B-4143-98A3-B90C42A5D0FC}.Debug|Any CPU.Build.0 = Debug|Any CPU
		{B226320B-6D5B-4143-98A3-B90C42A5D0FC}.Release|Any CPU.ActiveCfg = Release|Any CPU
		{B226320B-6D5B-4143-98A3-B90C42A5D0FC}.Release|Any CPU.Build.0 = Release|Any CPU
		{98691815-B821-4132-A2AF-9E9EE7679454}.Debug|Any CPU.ActiveCfg = Debug|Any CPU
		{98691815-B821-4132-A2AF-9E9EE7679454}.Debug|Any CPU.Build.0 = Debug|Any CPU
		{98691815-B821-4132-A2AF-9E9EE7679454}.Release|Any CPU.ActiveCfg = Release|Any CPU
		{98691815-B821-4132-A2AF-9E9EE7679454}.Release|Any CPU.Build.0 = Release|Any CPU
		{79110F69-AD2A-49CB-90F9-3E728D401A53}.Debug|Any CPU.ActiveCfg = Debug|Any CPU
		{79110F69-AD2A-49CB-90F9-3E728D401A53}.Debug|Any CPU.Build.0 = Debug|Any CPU
		{79110F69-AD2A-49CB-90F9-3E728D401A53}.Release|Any CPU.ActiveCfg = Release|Any CPU
		{79110F69-AD2A-49CB-90F9-3E728D401A53}.Release|Any CPU.Build.0 = Release|Any CPU
	EndGlobalSection
	GlobalSection(SolutionProperties) = preSolution
		HideSolutionNode = FALSE
	EndGlobalSection
	GlobalSection(NestedProjects) = preSolution
		{DAB44369-ED87-4BDE-A57F-4C0790147F79} = {B10DE7CB-473E-4B4F-8C23-B8108650C6D9}
		{6763CA8E-C9C9-4170-BE00-B97943AA531F} = {E594FB98-DA75-4279-95CA-49CAC60CBA1C}
		{6B5CC9A4-3C2C-4831-A861-88C2F495BB15} = {E594FB98-DA75-4279-95CA-49CAC60CBA1C}
		{5BC4AE56-E038-4320-9832-15BE42A3B90D} = {33DB9A9F-CC26-433D-8AAB-E2FB7F00396D}
		{12319C99-81D2-45EC-BF9D-061FFC9767F5} = {0EB8FEAF-FAB8-420C-85AC-BE1D7711BC72}
		{9BECFF6D-707C-4205-8BDB-32838D0337EB} = {E594FB98-DA75-4279-95CA-49CAC60CBA1C}
		{B226320B-6D5B-4143-98A3-B90C42A5D0FC} = {33DB9A9F-CC26-433D-8AAB-E2FB7F00396D}
		{98691815-B821-4132-A2AF-9E9EE7679454} = {C8EF12F2-84A3-4908-8A47-777E450A4AD6}
		{79110F69-AD2A-49CB-90F9-3E728D401A53} = {C8EF12F2-84A3-4908-8A47-777E450A4AD6}
	EndGlobalSection
EndGlobal
